
Microsoft Visual Studio Solution File, Format Version 12.00
# Visual Studio 2012
Project("{2150E333-8FDC-42A3-9474-1A3956D46DE8}") = "Presentation", "Presentation", "{A7A5FFAD-5894-404A-AAA1-78F781F4F193}"
EndProject
Project("{FAE04EC0-301F-11D3-BF4B-00C04F79EFBC}") = "AMRPatientPortal", "Presentation\AMRPatientPortal\AMRPatientPortal.csproj", "{FEF5BC9E-0E96-4573-8F10-C4E0FAAAA4EF}"
EndProject
Project("{FAE04EC0-301F-11D3-BF4B-00C04F79EFBC}") = "AMRProviderPortal", "Presentation\AMRProviderPortal\AMRProviderPortal.csproj", "{E55EC34E-8CDD-417F-BCB8-4B62B08EC7CE}"
EndProject
Project("{2150E333-8FDC-42A3-9474-1A3956D46DE8}") = "Core", "Core", "{7AFCC09C-FAC8-4670-A07C-464178C17F5E}"
EndProject
Project("{2150E333-8FDC-42A3-9474-1A3956D46DE8}") = "Data", "Data", "{6B51A432-B573-40D7-B54C-6A1C127A52F1}"
EndProject
Project("{FAE04EC0-301F-11D3-BF4B-00C04F79EFBC}") = "AMR.Data", "Data\AMR.Data\AMR.Data.csproj", "{EE22F6AC-120E-489F-B830-678984E47E73}"
EndProject
Project("{FAE04EC0-301F-11D3-BF4B-00C04F79EFBC}") = "AMR.Core", "Core\AMR.Core\AMR.Core.csproj", "{E778F762-2D8A-4D50-8BED-6C9E57647892}"
EndProject
Project("{FAE04EC0-301F-11D3-BF4B-00C04F79EFBC}") = "AMR.Controllers", "Core\AMR.Controllers\AMR.Controllers.csproj", "{11DC3941-DC60-4D46-89A0-FF420F3CB516}"
	ProjectSection(ProjectDependencies) = postProject
		{A1FECE3F-2520-4980-B906-FACEC16A68DE} = {A1FECE3F-2520-4980-B906-FACEC16A68DE}
	EndProjectSection
EndProject
Project("{FAE04EC0-301F-11D3-BF4B-00C04F79EFBC}") = "AMR.Models", "Core\AMR.Models\AMR.Models.csproj", "{3EFD479E-FA9B-42A5-BCD5-3487FCE76F98}"
EndProject
Project("{2150E333-8FDC-42A3-9474-1A3956D46DE8}") = "Integration", "Integration", "{B49B18A2-CC1F-47DD-87BA-4A4B256F1767}"
EndProject
Project("{FAE04EC0-301F-11D3-BF4B-00C04F79EFBC}") = "AMR.DataService", "Data\AMR.DataService\AMR.DataService.csproj", "{A1FECE3F-2520-4980-B906-FACEC16A68DE}"
EndProject
Project("{FAE04EC0-301F-11D3-BF4B-00C04F79EFBC}") = "Testing", "Testing\Testing.csproj", "{747E7368-6430-4A46-BF1E-F1034DB31B83}"
EndProject
Project("{FAE04EC0-301F-11D3-BF4B-00C04F79EFBC}") = "AMR.IntegrationService", "Integration\AMR.IntegrationService\AMR.IntegrationService\AMR.IntegrationService.csproj", "{2E03CB60-3D22-44D7-A786-6F1187D1609A}"
EndProject
Project("{FAE04EC0-301F-11D3-BF4B-00C04F79EFBC}") = "AMRAdminPortal", "Presentation\AMRAdminPortal\AMRAdminPortal.csproj", "{AEABB8C3-ACA8-4DFB-9B38-B716F08416B4}"
EndProject
Project("{FAE04EC0-301F-11D3-BF4B-00C04F79EFBC}") = "EmailService", "EmailService\EmailService.csproj", "{F87426F4-89D1-4088-960B-93063515ABD0}"
EndProject
Global
	GlobalSection(SolutionConfigurationPlatforms) = preSolution
		Debug|Any CPU = Debug|Any CPU
		Release|Any CPU = Release|Any CPU
	EndGlobalSection
	GlobalSection(ProjectConfigurationPlatforms) = postSolution
		{FEF5BC9E-0E96-4573-8F10-C4E0FAAAA4EF}.Debug|Any CPU.ActiveCfg = Debug|Any CPU
		{FEF5BC9E-0E96-4573-8F10-C4E0FAAAA4EF}.Debug|Any CPU.Build.0 = Debug|Any CPU
		{FEF5BC9E-0E96-4573-8F10-C4E0FAAAA4EF}.Release|Any CPU.ActiveCfg = Release|Any CPU
		{FEF5BC9E-0E96-4573-8F10-C4E0FAAAA4EF}.Release|Any CPU.Build.0 = Release|Any CPU
		{E55EC34E-8CDD-417F-BCB8-4B62B08EC7CE}.Debug|Any CPU.ActiveCfg = Debug|Any CPU
		{E55EC34E-8CDD-417F-BCB8-4B62B08EC7CE}.Debug|Any CPU.Build.0 = Debug|Any CPU
		{E55EC34E-8CDD-417F-BCB8-4B62B08EC7CE}.Release|Any CPU.ActiveCfg = Release|Any CPU
		{E55EC34E-8CDD-417F-BCB8-4B62B08EC7CE}.Release|Any CPU.Build.0 = Release|Any CPU
		{EE22F6AC-120E-489F-B830-678984E47E73}.Debug|Any CPU.ActiveCfg = Debug|Any CPU
		{EE22F6AC-120E-489F-B830-678984E47E73}.Debug|Any CPU.Build.0 = Debug|Any CPU
		{EE22F6AC-120E-489F-B830-678984E47E73}.Release|Any CPU.ActiveCfg = Release|Any CPU
		{EE22F6AC-120E-489F-B830-678984E47E73}.Release|Any CPU.Build.0 = Release|Any CPU
		{E778F762-2D8A-4D50-8BED-6C9E57647892}.Debug|Any CPU.ActiveCfg = Debug|Any CPU
		{E778F762-2D8A-4D50-8BED-6C9E57647892}.Debug|Any CPU.Build.0 = Debug|Any CPU
		{E778F762-2D8A-4D50-8BED-6C9E57647892}.Release|Any CPU.ActiveCfg = Release|Any CPU
		{E778F762-2D8A-4D50-8BED-6C9E57647892}.Release|Any CPU.Build.0 = Release|Any CPU
		{11DC3941-DC60-4D46-89A0-FF420F3CB516}.Debug|Any CPU.ActiveCfg = Debug|Any CPU
		{11DC3941-DC60-4D46-89A0-FF420F3CB516}.Debug|Any CPU.Build.0 = Debug|Any CPU
		{11DC3941-DC60-4D46-89A0-FF420F3CB516}.Release|Any CPU.ActiveCfg = Release|Any CPU
		{11DC3941-DC60-4D46-89A0-FF420F3CB516}.Release|Any CPU.Build.0 = Release|Any CPU
		{3EFD479E-FA9B-42A5-BCD5-3487FCE76F98}.Debug|Any CPU.ActiveCfg = Debug|Any CPU
		{3EFD479E-FA9B-42A5-BCD5-3487FCE76F98}.Debug|Any CPU.Build.0 = Debug|Any CPU
		{3EFD479E-FA9B-42A5-BCD5-3487FCE76F98}.Release|Any CPU.ActiveCfg = Release|Any CPU
		{3EFD479E-FA9B-42A5-BCD5-3487FCE76F98}.Release|Any CPU.Build.0 = Release|Any CPU
		{A1FECE3F-2520-4980-B906-FACEC16A68DE}.Debug|Any CPU.ActiveCfg = Debug|Any CPU
		{A1FECE3F-2520-4980-B906-FACEC16A68DE}.Debug|Any CPU.Build.0 = Debug|Any CPU
		{A1FECE3F-2520-4980-B906-FACEC16A68DE}.Release|Any CPU.ActiveCfg = Release|Any CPU
		{A1FECE3F-2520-4980-B906-FACEC16A68DE}.Release|Any CPU.Build.0 = Release|Any CPU
		{747E7368-6430-4A46-BF1E-F1034DB31B83}.Debug|Any CPU.ActiveCfg = Debug|Any CPU
		{747E7368-6430-4A46-BF1E-F1034DB31B83}.Debug|Any CPU.Build.0 = Debug|Any CPU
		{747E7368-6430-4A46-BF1E-F1034DB31B83}.Release|Any CPU.ActiveCfg = Release|Any CPU
		{747E7368-6430-4A46-BF1E-F1034DB31B83}.Release|Any CPU.Build.0 = Release|Any CPU
		{2E03CB60-3D22-44D7-A786-6F1187D1609A}.Debug|Any CPU.ActiveCfg = Debug|Any CPU
		{2E03CB60-3D22-44D7-A786-6F1187D1609A}.Debug|Any CPU.Build.0 = Debug|Any CPU
		{2E03CB60-3D22-44D7-A786-6F1187D1609A}.Release|Any CPU.ActiveCfg = Release|Any CPU
		{2E03CB60-3D22-44D7-A786-6F1187D1609A}.Release|Any CPU.Build.0 = Release|Any CPU
		{AEABB8C3-ACA8-4DFB-9B38-B716F08416B4}.Debug|Any CPU.ActiveCfg = Debug|Any CPU
		{AEABB8C3-ACA8-4DFB-9B38-B716F08416B4}.Debug|Any CPU.Build.0 = Debug|Any CPU
		{AEABB8C3-ACA8-4DFB-9B38-B716F08416B4}.Release|Any CPU.ActiveCfg = Release|Any CPU
		{AEABB8C3-ACA8-4DFB-9B38-B716F08416B4}.Release|Any CPU.Build.0 = Release|Any CPU
		{F87426F4-89D1-4088-960B-93063515ABD0}.Debug|Any CPU.ActiveCfg = Debug|Any CPU
		{F87426F4-89D1-4088-960B-93063515ABD0}.Debug|Any CPU.Build.0 = Debug|Any CPU
		{F87426F4-89D1-4088-960B-93063515ABD0}.Release|Any CPU.ActiveCfg = Release|Any CPU
		{F87426F4-89D1-4088-960B-93063515ABD0}.Release|Any CPU.Build.0 = Release|Any CPU
	EndGlobalSection
	GlobalSection(SolutionProperties) = preSolution
		HideSolutionNode = FALSE
	EndGlobalSection
	GlobalSection(NestedProjects) = preSolution
		{FEF5BC9E-0E96-4573-8F10-C4E0FAAAA4EF} = {A7A5FFAD-5894-404A-AAA1-78F781F4F193}
		{E55EC34E-8CDD-417F-BCB8-4B62B08EC7CE} = {A7A5FFAD-5894-404A-AAA1-78F781F4F193}
		{AEABB8C3-ACA8-4DFB-9B38-B716F08416B4} = {A7A5FFAD-5894-404A-AAA1-78F781F4F193}
		{E778F762-2D8A-4D50-8BED-6C9E57647892} = {7AFCC09C-FAC8-4670-A07C-464178C17F5E}
		{11DC3941-DC60-4D46-89A0-FF420F3CB516} = {7AFCC09C-FAC8-4670-A07C-464178C17F5E}
		{3EFD479E-FA9B-42A5-BCD5-3487FCE76F98} = {7AFCC09C-FAC8-4670-A07C-464178C17F5E}
		{EE22F6AC-120E-489F-B830-678984E47E73} = {6B51A432-B573-40D7-B54C-6A1C127A52F1}
		{A1FECE3F-2520-4980-B906-FACEC16A68DE} = {6B51A432-B573-40D7-B54C-6A1C127A52F1}
		{2E03CB60-3D22-44D7-A786-6F1187D1609A} = {B49B18A2-CC1F-47DD-87BA-4A4B256F1767}
	EndGlobalSection
EndGlobal
